
Microsoft Visual Studio Solution File, Format Version 12.00
# Visual Studio Version 17
VisualStudioVersion = 17.0.31903.59
MinimumVisualStudioVersion = 10.0.40219.1
Project("{FAE04EC0-301F-11D3-BF4B-00C04F79EFBC}") = "API", "API\API.csproj", "{0A466A8E-624B-49D7-84CB-8B956DB94FBE}"
EndProject
Project("{FAE04EC0-301F-11D3-BF4B-00C04F79EFBC}") = "Infrastructure", "Infrastructure\Infrastructure.csproj", "{963039A7-D202-4829-ACCD-6844D2AF7067}"
EndProject
Project("{FAE04EC0-301F-11D3-BF4B-00C04F79EFBC}") = "Core", "Core\Core.csproj", "{D24CD916-5BBB-44FC-9A31-08E1D1E8F514}"
EndProject
Global
	GlobalSection(SolutionConfigurationPlatforms) = preSolution
		Debug|Any CPU = Debug|Any CPU
		Release|Any CPU = Release|Any CPU
	EndGlobalSection
	GlobalSection(SolutionProperties) = preSolution
		HideSolutionNode = FALSE
	EndGlobalSection
	GlobalSection(ProjectConfigurationPlatforms) = postSolution
		{0A466A8E-624B-49D7-84CB-8B956DB94FBE}.Debug|Any CPU.ActiveCfg = Debug|Any CPU
		{0A466A8E-624B-49D7-84CB-8B956DB94FBE}.Debug|Any CPU.Build.0 = Debug|Any CPU
		{0A466A8E-624B-49D7-84CB-8B956DB94FBE}.Release|Any CPU.ActiveCfg = Release|Any CPU
		{0A466A8E-624B-49D7-84CB-8B956DB94FBE}.Release|Any CPU.Build.0 = Release|Any CPU
		{963039A7-D202-4829-ACCD-6844D2AF7067}.Debug|Any CPU.ActiveCfg = Debug|Any CPU
		{963039A7-D202-4829-ACCD-6844D2AF7067}.Debug|Any CPU.Build.0 = Debug|Any CPU
		{963039A7-D202-4829-ACCD-6844D2AF7067}.Release|Any CPU.ActiveCfg = Release|Any CPU
		{963039A7-D202-4829-ACCD-6844D2AF7067}.Release|Any CPU.Build.0 = Release|Any CPU
		{D24CD916-5BBB-44FC-9A31-08E1D1E8F514}.Debug|Any CPU.ActiveCfg = Debug|Any CPU
		{D24CD916-5BBB-44FC-9A31-08E1D1E8F514}.Debug|Any CPU.Build.0 = Debug|Any CPU
		{D24CD916-5BBB-44FC-9A31-08E1D1E8F514}.Release|Any CPU.ActiveCfg = Release|Any CPU
		{D24CD916-5BBB-44FC-9A31-08E1D1E8F514}.Release|Any CPU.Build.0 = Release|Any CPU
	EndGlobalSection
EndGlobal
